// !$*UTF8*$!
{
	archiveVersion = 1;
	classes = {
	};
	objectVersion = 56;
	objects = {

/* Begin PBXBuildFile section */
		143E753D2C1949E80001FC89 /* SwiftUIListApp.swift in Sources */ = {isa = PBXBuildFile; fileRef = 143E753C2C1949E80001FC89 /* SwiftUIListApp.swift */; };
		143E753F2C1949E80001FC89 /* ContentView.swift in Sources */ = {isa = PBXBuildFile; fileRef = 143E753E2C1949E80001FC89 /* ContentView.swift */; };
		143E75412C1949EA0001FC89 /* Assets.xcassets in Resources */ = {isa = PBXBuildFile; fileRef = 143E75402C1949EA0001FC89 /* Assets.xcassets */; };
		143E75442C1949EA0001FC89 /* Preview Assets.xcassets in Resources */ = {isa = PBXBuildFile; fileRef = 143E75432C1949EA0001FC89 /* Preview Assets.xcassets */; };
		143E754E2C1949EA0001FC89 /* SwiftUIListTests.swift in Sources */ = {isa = PBXBuildFile; fileRef = 143E754D2C1949EA0001FC89 /* SwiftUIListTests.swift */; };
		143E75582C1949EA0001FC89 /* SwiftUIListUITests.swift in Sources */ = {isa = PBXBuildFile; fileRef = 143E75572C1949EA0001FC89 /* SwiftUIListUITests.swift */; };
		143E755A2C1949EA0001FC89 /* SwiftUIListUITestsLaunchTests.swift in Sources */ = {isa = PBXBuildFile; fileRef = 143E75592C1949EA0001FC89 /* SwiftUIListUITestsLaunchTests.swift */; };
/* End PBXBuildFile section */

/* Begin PBXContainerItemProxy section */
		143E754A2C1949EA0001FC89 /* PBXContainerItemProxy */ = {
			isa = PBXContainerItemProxy;
			containerPortal = 143E75312C1949E80001FC89 /* Project object */;
			proxyType = 1;
			remoteGlobalIDString = 143E75382C1949E80001FC89;
			remoteInfo = SwiftUIList;
		};
		143E75542C1949EA0001FC89 /* PBXContainerItemProxy */ = {
			isa = PBXContainerItemProxy;
			containerPortal = 143E75312C1949E80001FC89 /* Project object */;
			proxyType = 1;
			remoteGlobalIDString = 143E75382C1949E80001FC89;
			remoteInfo = SwiftUIList;
		};
/* End PBXContainerItemProxy section */

/* Begin PBXFileReference section */
		143E75392C1949E80001FC89 /* SwiftUIList.app */ = {isa = PBXFileReference; explicitFileType = wrapper.application; includeInIndex = 0; path = SwiftUIList.app; sourceTree = BUILT_PRODUCTS_DIR; };
		143E753C2C1949E80001FC89 /* SwiftUIListApp.swift */ = {isa = PBXFileReference; lastKnownFileType = sourcecode.swift; path = SwiftUIListApp.swift; sourceTree = "<group>"; };
		143E753E2C1949E80001FC89 /* ContentView.swift */ = {isa = PBXFileReference; lastKnownFileType = sourcecode.swift; path = ContentView.swift; sourceTree = "<group>"; };
		143E75402C1949EA0001FC89 /* Assets.xcassets */ = {isa = PBXFileReference; lastKnownFileType = folder.assetcatalog; path = Assets.xcassets; sourceTree = "<group>"; };
		143E75432C1949EA0001FC89 /* Preview Assets.xcassets */ = {isa = PBXFileReference; lastKnownFileType = folder.assetcatalog; path = "Preview Assets.xcassets"; sourceTree = "<group>"; };
		143E75492C1949EA0001FC89 /* SwiftUIListTests.xctest */ = {isa = PBXFileReference; explicitFileType = wrapper.cfbundle; includeInIndex = 0; path = SwiftUIListTests.xctest; sourceTree = BUILT_PRODUCTS_DIR; };
		143E754D2C1949EA0001FC89 /* SwiftUIListTests.swift */ = {isa = PBXFileReference; lastKnownFileType = sourcecode.swift; path = SwiftUIListTests.swift; sourceTree = "<group>"; };
		143E75532C1949EA0001FC89 /* SwiftUIListUITests.xctest */ = {isa = PBXFileReference; explicitFileType = wrapper.cfbundle; includeInIndex = 0; path = SwiftUIListUITests.xctest; sourceTree = BUILT_PRODUCTS_DIR; };
		143E75572C1949EA0001FC89 /* SwiftUIListUITests.swift */ = {isa = PBXFileReference; lastKnownFileType = sourcecode.swift; path = SwiftUIListUITests.swift; sourceTree = "<group>"; };
		143E75592C1949EA0001FC89 /* SwiftUIListUITestsLaunchTests.swift */ = {isa = PBXFileReference; lastKnownFileType = sourcecode.swift; path = SwiftUIListUITestsLaunchTests.swift; sourceTree = "<group>"; };
/* End PBXFileReference section */

/* Begin PBXFrameworksBuildPhase section */
		143E75362C1949E80001FC89 /* Frameworks */ = {
			isa = PBXFrameworksBuildPhase;
			buildActionMask = 2147483647;
			files = (
			);
			runOnlyForDeploymentPostprocessing = 0;
		};
		143E75462C1949EA0001FC89 /* Frameworks */ = {
			isa = PBXFrameworksBuildPhase;
			buildActionMask = 2147483647;
			files = (
			);
			runOnlyForDeploymentPostprocessing = 0;
		};
		143E75502C1949EA0001FC89 /* Frameworks */ = {
			isa = PBXFrameworksBuildPhase;
			buildActionMask = 2147483647;
			files = (
			);
			runOnlyForDeploymentPostprocessing = 0;
		};
/* End PBXFrameworksBuildPhase section */

/* Begin PBXGroup section */
		143E75302C1949E80001FC89 = {
			isa = PBXGroup;
			children = (
				143E753B2C1949E80001FC89 /* SwiftUIList */,
				143E754C2C1949EA0001FC89 /* SwiftUIListTests */,
				143E75562C1949EA0001FC89 /* SwiftUIListUITests */,
				143E753A2C1949E80001FC89 /* Products */,
			);
			sourceTree = "<group>";
		};
		143E753A2C1949E80001FC89 /* Products */ = {
			isa = PBXGroup;
			children = (
				143E75392C1949E80001FC89 /* SwiftUIList.app */,
				143E75492C1949EA0001FC89 /* SwiftUIListTests.xctest */,
				143E75532C1949EA0001FC89 /* SwiftUIListUITests.xctest */,
			);
			name = Products;
			sourceTree = "<group>";
		};
		143E753B2C1949E80001FC89 /* SwiftUIList */ = {
			isa = PBXGroup;
			children = (
				143E753C2C1949E80001FC89 /* SwiftUIListApp.swift */,
				143E753E2C1949E80001FC89 /* ContentView.swift */,
				143E75402C1949EA0001FC89 /* Assets.xcassets */,
				143E75422C1949EA0001FC89 /* Preview Content */,
			);
			path = SwiftUIList;
			sourceTree = "<group>";
		};
		143E75422C1949EA0001FC89 /* Preview Content */ = {
			isa = PBXGroup;
			children = (
				143E75432C1949EA0001FC89 /* Preview Assets.xcassets */,
			);
			path = "Preview Content";
			sourceTree = "<group>";
		};
		143E754C2C1949EA0001FC89 /* SwiftUIListTests */ = {
			isa = PBXGroup;
			children = (
				143E754D2C1949EA0001FC89 /* SwiftUIListTests.swift */,
			);
			path = SwiftUIListTests;
			sourceTree = "<group>";
		};
		143E75562C1949EA0001FC89 /* SwiftUIListUITests */ = {
			isa = PBXGroup;
			children = (
				143E75572C1949EA0001FC89 /* SwiftUIListUITests.swift */,
				143E75592C1949EA0001FC89 /* SwiftUIListUITestsLaunchTests.swift */,
			);
			path = SwiftUIListUITests;
			sourceTree = "<group>";
		};
/* End PBXGroup section */

/* Begin PBXNativeTarget section */
		143E75382C1949E80001FC89 /* SwiftUIList */ = {
			isa = PBXNativeTarget;
			buildConfigurationList = 143E755D2C1949EA0001FC89 /* Build configuration list for PBXNativeTarget "SwiftUIList" */;
			buildPhases = (
				143E75352C1949E80001FC89 /* Sources */,
				143E75362C1949E80001FC89 /* Frameworks */,
				143E75372C1949E80001FC89 /* Resources */,
			);
			buildRules = (
			);
			dependencies = (
			);
			name = SwiftUIList;
			productName = SwiftUIList;
			productReference = 143E75392C1949E80001FC89 /* SwiftUIList.app */;
			productType = "com.apple.product-type.application";
		};
		143E75482C1949EA0001FC89 /* SwiftUIListTests */ = {
			isa = PBXNativeTarget;
			buildConfigurationList = 143E75602C1949EA0001FC89 /* Build configuration list for PBXNativeTarget "SwiftUIListTests" */;
			buildPhases = (
				143E75452C1949EA0001FC89 /* Sources */,
				143E75462C1949EA0001FC89 /* Frameworks */,
				143E75472C1949EA0001FC89 /* Resources */,
			);
			buildRules = (
			);
			dependencies = (
				143E754B2C1949EA0001FC89 /* PBXTargetDependency */,
			);
			name = SwiftUIListTests;
			productName = SwiftUIListTests;
			productReference = 143E75492C1949EA0001FC89 /* SwiftUIListTests.xctest */;
			productType = "com.apple.product-type.bundle.unit-test";
		};
		143E75522C1949EA0001FC89 /* SwiftUIListUITests */ = {
			isa = PBXNativeTarget;
			buildConfigurationList = 143E75632C1949EA0001FC89 /* Build configuration list for PBXNativeTarget "SwiftUIListUITests" */;
			buildPhases = (
				143E754F2C1949EA0001FC89 /* Sources */,
				143E75502C1949EA0001FC89 /* Frameworks */,
				143E75512C1949EA0001FC89 /* Resources */,
			);
			buildRules = (
			);
			dependencies = (
				143E75552C1949EA0001FC89 /* PBXTargetDependency */,
			);
			name = SwiftUIListUITests;
			productName = SwiftUIListUITests;
			productReference = 143E75532C1949EA0001FC89 /* SwiftUIListUITests.xctest */;
			productType = "com.apple.product-type.bundle.ui-testing";
		};
/* End PBXNativeTarget section */

/* Begin PBXProject section */
		143E75312C1949E80001FC89 /* Project object */ = {
			isa = PBXProject;
			attributes = {
				BuildIndependentTargetsInParallel = 1;
				LastSwiftUpdateCheck = 1530;
				LastUpgradeCheck = 1530;
				TargetAttributes = {
					143E75382C1949E80001FC89 = {
						CreatedOnToolsVersion = 15.3;
					};
					143E75482C1949EA0001FC89 = {
						CreatedOnToolsVersion = 15.3;
						TestTargetID = 143E75382C1949E80001FC89;
					};
					143E75522C1949EA0001FC89 = {
						CreatedOnToolsVersion = 15.3;
						TestTargetID = 143E75382C1949E80001FC89;
					};
				};
			};
			buildConfigurationList = 143E75342C1949E80001FC89 /* Build configuration list for PBXProject "SwiftUIList" */;
			compatibilityVersion = "Xcode 14.0";
			developmentRegion = en;
			hasScannedForEncodings = 0;
			knownRegions = (
				en,
				Base,
			);
			mainGroup = 143E75302C1949E80001FC89;
			productRefGroup = 143E753A2C1949E80001FC89 /* Products */;
			projectDirPath = "";
			projectRoot = "";
			targets = (
				143E75382C1949E80001FC89 /* SwiftUIList */,
				143E75482C1949EA0001FC89 /* SwiftUIListTests */,
				143E75522C1949EA0001FC89 /* SwiftUIListUITests */,
			);
		};
/* End PBXProject section */

/* Begin PBXResourcesBuildPhase section */
		143E75372C1949E80001FC89 /* Resources */ = {
			isa = PBXResourcesBuildPhase;
			buildActionMask = 2147483647;
			files = (
				143E75442C1949EA0001FC89 /* Preview Assets.xcassets in Resources */,
				143E75412C1949EA0001FC89 /* Assets.xcassets in Resources */,
			);
			runOnlyForDeploymentPostprocessing = 0;
		};
		143E75472C1949EA0001FC89 /* Resources */ = {
			isa = PBXResourcesBuildPhase;
			buildActionMask = 2147483647;
			files = (
			);
			runOnlyForDeploymentPostprocessing = 0;
		};
		143E75512C1949EA0001FC89 /* Resources */ = {
			isa = PBXResourcesBuildPhase;
			buildActionMask = 2147483647;
			files = (
			);
			runOnlyForDeploymentPostprocessing = 0;
		};
/* End PBXResourcesBuildPhase section */

/* Begin PBXSourcesBuildPhase section */
		143E75352C1949E80001FC89 /* Sources */ = {
			isa = PBXSourcesBuildPhase;
			buildActionMask = 2147483647;
			files = (
				143E753F2C1949E80001FC89 /* ContentView.swift in Sources */,
				143E753D2C1949E80001FC89 /* SwiftUIListApp.swift in Sources */,
			);
			runOnlyForDeploymentPostprocessing = 0;
		};
		143E75452C1949EA0001FC89 /* Sources */ = {
			isa = PBXSourcesBuildPhase;
			buildActionMask = 2147483647;
			files = (
				143E754E2C1949EA0001FC89 /* SwiftUIListTests.swift in Sources */,
			);
			runOnlyForDeploymentPostprocessing = 0;
		};
		143E754F2C1949EA0001FC89 /* Sources */ = {
			isa = PBXSourcesBuildPhase;
			buildActionMask = 2147483647;
			files = (
				143E755A2C1949EA0001FC89 /* SwiftUIListUITestsLaunchTests.swift in Sources */,
				143E75582C1949EA0001FC89 /* SwiftUIListUITests.swift in Sources */,
			);
			runOnlyForDeploymentPostprocessing = 0;
		};
/* End PBXSourcesBuildPhase section */

/* Begin PBXTargetDependency section */
		143E754B2C1949EA0001FC89 /* PBXTargetDependency */ = {
			isa = PBXTargetDependency;
			target = 143E75382C1949E80001FC89 /* SwiftUIList */;
			targetProxy = 143E754A2C1949EA0001FC89 /* PBXContainerItemProxy */;
		};
		143E75552C1949EA0001FC89 /* PBXTargetDependency */ = {
			isa = PBXTargetDependency;
			target = 143E75382C1949E80001FC89 /* SwiftUIList */;
			targetProxy = 143E75542C1949EA0001FC89 /* PBXContainerItemProxy */;
		};
/* End PBXTargetDependency section */

/* Begin XCBuildConfiguration section */
		143E755B2C1949EA0001FC89 /* Debug */ = {
			isa = XCBuildConfiguration;
			buildSettings = {
				ALWAYS_SEARCH_USER_PATHS = NO;
				ASSETCATALOG_COMPILER_GENERATE_SWIFT_ASSET_SYMBOL_EXTENSIONS = YES;
				CLANG_ANALYZER_NONNULL = YES;
				CLANG_ANALYZER_NUMBER_OBJECT_CONVERSION = YES_AGGRESSIVE;
				CLANG_CXX_LANGUAGE_STANDARD = "gnu++20";
				CLANG_ENABLE_MODULES = YES;
				CLANG_ENABLE_OBJC_ARC = YES;
				CLANG_ENABLE_OBJC_WEAK = YES;
				CLANG_WARN_BLOCK_CAPTURE_AUTORELEASING = YES;
				CLANG_WARN_BOOL_CONVERSION = YES;
				CLANG_WARN_COMMA = YES;
				CLANG_WARN_CONSTANT_CONVERSION = YES;
				CLANG_WARN_DEPRECATED_OBJC_IMPLEMENTATIONS = YES;
				CLANG_WARN_DIRECT_OBJC_ISA_USAGE = YES_ERROR;
				CLANG_WARN_DOCUMENTATION_COMMENTS = YES;
				CLANG_WARN_EMPTY_BODY = YES;
				CLANG_WARN_ENUM_CONVERSION = YES;
				CLANG_WARN_INFINITE_RECURSION = YES;
				CLANG_WARN_INT_CONVERSION = YES;
				CLANG_WARN_NON_LITERAL_NULL_CONVERSION = YES;
				CLANG_WARN_OBJC_IMPLICIT_RETAIN_SELF = YES;
				CLANG_WARN_OBJC_LITERAL_CONVERSION = YES;
				CLANG_WARN_OBJC_ROOT_CLASS = YES_ERROR;
				CLANG_WARN_QUOTED_INCLUDE_IN_FRAMEWORK_HEADER = YES;
				CLANG_WARN_RANGE_LOOP_ANALYSIS = YES;
				CLANG_WARN_STRICT_PROTOTYPES = YES;
				CLANG_WARN_SUSPICIOUS_MOVE = YES;
				CLANG_WARN_UNGUARDED_AVAILABILITY = YES_AGGRESSIVE;
				CLANG_WARN_UNREACHABLE_CODE = YES;
				CLANG_WARN__DUPLICATE_METHOD_MATCH = YES;
				COPY_PHASE_STRIP = NO;
				DEBUG_INFORMATION_FORMAT = dwarf;
				ENABLE_STRICT_OBJC_MSGSEND = YES;
				ENABLE_TESTABILITY = YES;
				ENABLE_USER_SCRIPT_SANDBOXING = YES;
				GCC_C_LANGUAGE_STANDARD = gnu17;
				GCC_DYNAMIC_NO_PIC = NO;
				GCC_NO_COMMON_BLOCKS = YES;
				GCC_OPTIMIZATION_LEVEL = 0;
				GCC_PREPROCESSOR_DEFINITIONS = (
					"DEBUG=1",
					"$(inherited)",
				);
				GCC_WARN_64_TO_32_BIT_CONVERSION = YES;
				GCC_WARN_ABOUT_RETURN_TYPE = YES_ERROR;
				GCC_WARN_UNDECLARED_SELECTOR = YES;
				GCC_WARN_UNINITIALIZED_AUTOS = YES_AGGRESSIVE;
				GCC_WARN_UNUSED_FUNCTION = YES;
				GCC_WARN_UNUSED_VARIABLE = YES;
				IPHONEOS_DEPLOYMENT_TARGET = 17.4;
				LOCALIZATION_PREFERS_STRING_CATALOGS = YES;
				MTL_ENABLE_DEBUG_INFO = INCLUDE_SOURCE;
				MTL_FAST_MATH = YES;
				ONLY_ACTIVE_ARCH = YES;
				SDKROOT = iphoneos;
				SWIFT_ACTIVE_COMPILATION_CONDITIONS = "DEBUG $(inherited)";
				SWIFT_OPTIMIZATION_LEVEL = "-Onone";
			};
			name = Debug;
		};
		143E755C2C1949EA0001FC89 /* Release */ = {
			isa = XCBuildConfiguration;
			buildSettings = {
				ALWAYS_SEARCH_USER_PATHS = NO;
				ASSETCATALOG_COMPILER_GENERATE_SWIFT_ASSET_SYMBOL_EXTENSIONS = YES;
				CLANG_ANALYZER_NONNULL = YES;
				CLANG_ANALYZER_NUMBER_OBJECT_CONVERSION = YES_AGGRESSIVE;
				CLANG_CXX_LANGUAGE_STANDARD = "gnu++20";
				CLANG_ENABLE_MODULES = YES;
				CLANG_ENABLE_OBJC_ARC = YES;
				CLANG_ENABLE_OBJC_WEAK = YES;
				CLANG_WARN_BLOCK_CAPTURE_AUTORELEASING = YES;
				CLANG_WARN_BOOL_CONVERSION = YES;
				CLANG_WARN_COMMA = YES;
				CLANG_WARN_CONSTANT_CONVERSION = YES;
				CLANG_WARN_DEPRECATED_OBJC_IMPLEMENTATIONS = YES;
				CLANG_WARN_DIRECT_OBJC_ISA_USAGE = YES_ERROR;
				CLANG_WARN_DOCUMENTATION_COMMENTS = YES;
				CLANG_WARN_EMPTY_BODY = YES;
				CLANG_WARN_ENUM_CONVERSION = YES;
				CLANG_WARN_INFINITE_RECURSION = YES;
				CLANG_WARN_INT_CONVERSION = YES;
				CLANG_WARN_NON_LITERAL_NULL_CONVERSION = YES;
				CLANG_WARN_OBJC_IMPLICIT_RETAIN_SELF = YES;
				CLANG_WARN_OBJC_LITERAL_CONVERSION = YES;
				CLANG_WARN_OBJC_ROOT_CLASS = YES_ERROR;
				CLANG_WARN_QUOTED_INCLUDE_IN_FRAMEWORK_HEADER = YES;
				CLANG_WARN_RANGE_LOOP_ANALYSIS = YES;
				CLANG_WARN_STRICT_PROTOTYPES = YES;
				CLANG_WARN_SUSPICIOUS_MOVE = YES;
				CLANG_WARN_UNGUARDED_AVAILABILITY = YES_AGGRESSIVE;
				CLANG_WARN_UNREACHABLE_CODE = YES;
				CLANG_WARN__DUPLICATE_METHOD_MATCH = YES;
				COPY_PHASE_STRIP = NO;
				DEBUG_INFORMATION_FORMAT = "dwarf-with-dsym";
				ENABLE_NS_ASSERTIONS = NO;
				ENABLE_STRICT_OBJC_MSGSEND = YES;
				ENABLE_USER_SCRIPT_SANDBOXING = YES;
				GCC_C_LANGUAGE_STANDARD = gnu17;
				GCC_NO_COMMON_BLOCKS = YES;
				GCC_WARN_64_TO_32_BIT_CONVERSION = YES;
				GCC_WARN_ABOUT_RETURN_TYPE = YES_ERROR;
				GCC_WARN_UNDECLARED_SELECTOR = YES;
				GCC_WARN_UNINITIALIZED_AUTOS = YES_AGGRESSIVE;
				GCC_WARN_UNUSED_FUNCTION = YES;
				GCC_WARN_UNUSED_VARIABLE = YES;
				IPHONEOS_DEPLOYMENT_TARGET = 17.4;
				LOCALIZATION_PREFERS_STRING_CATALOGS = YES;
				MTL_ENABLE_DEBUG_INFO = NO;
				MTL_FAST_MATH = YES;
				SDKROOT = iphoneos;
				SWIFT_COMPILATION_MODE = wholemodule;
				VALIDATE_PRODUCT = YES;
			};
			name = Release;
		};
		143E755E2C1949EA0001FC89 /* Debug */ = {
			isa = XCBuildConfiguration;
			buildSettings = {
				ASSETCATALOG_COMPILER_APPICON_NAME = AppIcon;
				ASSETCATALOG_COMPILER_GLOBAL_ACCENT_COLOR_NAME = AccentColor;
				CODE_SIGN_STYLE = Automatic;
				CURRENT_PROJECT_VERSION = 1;
				DEVELOPMENT_ASSET_PATHS = "\"SwiftUIList/Preview Content\"";
				ENABLE_PREVIEWS = YES;
				GENERATE_INFOPLIST_FILE = YES;
				INFOPLIST_KEY_UIApplicationSceneManifest_Generation = YES;
				INFOPLIST_KEY_UIApplicationSupportsIndirectInputEvents = YES;
				INFOPLIST_KEY_UILaunchScreen_Generation = YES;
				INFOPLIST_KEY_UISupportedInterfaceOrientations_iPad = "UIInterfaceOrientationPortrait UIInterfaceOrientationPortraitUpsideDown UIInterfaceOrientationLandscapeLeft UIInterfaceOrientationLandscapeRight";
				INFOPLIST_KEY_UISupportedInterfaceOrientations_iPhone = "UIInterfaceOrientationPortrait UIInterfaceOrientationLandscapeLeft UIInterfaceOrientationLandscapeRight";
				LD_RUNPATH_SEARCH_PATHS = (
					"$(inherited)",
					"@executable_path/Frameworks",
				);
				MARKETING_VERSION = 1.0;
				PRODUCT_BUNDLE_IDENTIFIER = joeww.SwiftUIList;
				PRODUCT_NAME = "$(TARGET_NAME)";
				SWIFT_EMIT_LOC_STRINGS = YES;
				SWIFT_VERSION = 5.0;
				TARGETED_DEVICE_FAMILY = "1,2";
			};
			name = Debug;
		};
		143E755F2C1949EA0001FC89 /* Release */ = {
			isa = XCBuildConfiguration;
			buildSettings = {
				ASSETCATALOG_COMPILER_APPICON_NAME = AppIcon;
				ASSETCATALOG_COMPILER_GLOBAL_ACCENT_COLOR_NAME = AccentColor;
				CODE_SIGN_STYLE = Automatic;
				CURRENT_PROJECT_VERSION = 1;
				DEVELOPMENT_ASSET_PATHS = "\"SwiftUIList/Preview Content\"";
				ENABLE_PREVIEWS = YES;
				GENERATE_INFOPLIST_FILE = YES;
				INFOPLIST_KEY_UIApplicationSceneManifest_Generation = YES;
				INFOPLIST_KEY_UIApplicationSupportsIndirectInputEvents = YES;
				INFOPLIST_KEY_UILaunchScreen_Generation = YES;
				INFOPLIST_KEY_UISupportedInterfaceOrientations_iPad = "UIInterfaceOrientationPortrait UIInterfaceOrientationPortraitUpsideDown UIInterfaceOrientationLandscapeLeft UIInterfaceOrientationLandscapeRight";
				INFOPLIST_KEY_UISupportedInterfaceOrientations_iPhone = "UIInterfaceOrientationPortrait UIInterfaceOrientationLandscapeLeft UIInterfaceOrientationLandscapeRight";
				LD_RUNPATH_SEARCH_PATHS = (
					"$(inherited)",
					"@executable_path/Frameworks",
				);
				MARKETING_VERSION = 1.0;
				PRODUCT_BUNDLE_IDENTIFIER = joeww.SwiftUIList;
				PRODUCT_NAME = "$(TARGET_NAME)";
				SWIFT_EMIT_LOC_STRINGS = YES;
				SWIFT_VERSION = 5.0;
				TARGETED_DEVICE_FAMILY = "1,2";
			};
			name = Release;
		};
		143E75612C1949EA0001FC89 /* Debug */ = {
			isa = XCBuildConfiguration;
			buildSettings = {
				ALWAYS_EMBED_SWIFT_STANDARD_LIBRARIES = YES;
				BUNDLE_LOADER = "$(TEST_HOST)";
				CODE_SIGN_STYLE = Automatic;
				CURRENT_PROJECT_VERSION = 1;
				GENERATE_INFOPLIST_FILE = YES;
				IPHONEOS_DEPLOYMENT_TARGET = 17.4;
				MARKETING_VERSION = 1.0;
				PRODUCT_BUNDLE_IDENTIFIER = joeww.SwiftUIListTests;
				PRODUCT_NAME = "$(TARGET_NAME)";
				SWIFT_EMIT_LOC_STRINGS = NO;
				SWIFT_VERSION = 5.0;
				TARGETED_DEVICE_FAMILY = "1,2";
				TEST_HOST = "$(BUILT_PRODUCTS_DIR)/SwiftUIList.app/$(BUNDLE_EXECUTABLE_FOLDER_PATH)/SwiftUIList";
			};
			name = Debug;
		};
		143E75622C1949EA0001FC89 /* Release */ = {
			isa = XCBuildConfiguration;
			buildSettings = {
				ALWAYS_EMBED_SWIFT_STANDARD_LIBRARIES = YES;
				BUNDLE_LOADER = "$(TEST_HOST)";
				CODE_SIGN_STYLE = Automatic;
				CURRENT_PROJECT_VERSION = 1;
				GENERATE_INFOPLIST_FILE = YES;
				IPHONEOS_DEPLOYMENT_TARGET = 17.4;
				MARKETING_VERSION = 1.0;
				PRODUCT_BUNDLE_IDENTIFIER = joeww.SwiftUIListTests;
				PRODUCT_NAME = "$(TARGET_NAME)";
				SWIFT_EMIT_LOC_STRINGS = NO;
				SWIFT_VERSION = 5.0;
				TARGETED_DEVICE_FAMILY = "1,2";
				TEST_HOST = "$(BUILT_PRODUCTS_DIR)/SwiftUIList.app/$(BUNDLE_EXECUTABLE_FOLDER_PATH)/SwiftUIList";
			};
			name = Release;
		};
		143E75642C1949EA0001FC89 /* Debug */ = {
			isa = XCBuildConfiguration;
			buildSettings = {
				ALWAYS_EMBED_SWIFT_STANDARD_LIBRARIES = YES;
				CODE_SIGN_STYLE = Automatic;
				CURRENT_PROJECT_VERSION = 1;
				GENERATE_INFOPLIST_FILE = YES;
				MARKETING_VERSION = 1.0;
				PRODUCT_BUNDLE_IDENTIFIER = joeww.SwiftUIListUITests;
				PRODUCT_NAME = "$(TARGET_NAME)";
				SWIFT_EMIT_LOC_STRINGS = NO;
				SWIFT_VERSION = 5.0;
				TARGETED_DEVICE_FAMILY = "1,2";
				TEST_TARGET_NAME = SwiftUIList;
			};
			name = Debug;
		};
		143E75652C1949EA0001FC89 /* Release */ = {
			isa = XCBuildConfiguration;
			buildSettings = {
				ALWAYS_EMBED_SWIFT_STANDARD_LIBRARIES = YES;
				CODE_SIGN_STYLE = Automatic;
				CURRENT_PROJECT_VERSION = 1;
				GENERATE_INFOPLIST_FILE = YES;
				MARKETING_VERSION = 1.0;
				PRODUCT_BUNDLE_IDENTIFIER = joeww.SwiftUIListUITests;
				PRODUCT_NAME = "$(TARGET_NAME)";
				SWIFT_EMIT_LOC_STRINGS = NO;
				SWIFT_VERSION = 5.0;
				TARGETED_DEVICE_FAMILY = "1,2";
				TEST_TARGET_NAME = SwiftUIList;
			};
			name = Release;
		};
/* End XCBuildConfiguration section */

/* Begin XCConfigurationList section */
		143E75342C1949E80001FC89 /* Build configuration list for PBXProject "SwiftUIList" */ = {
			isa = XCConfigurationList;
			buildConfigurations = (
				143E755B2C1949EA0001FC89 /* Debug */,
				143E755C2C1949EA0001FC89 /* Release */,
			);
			defaultConfigurationIsVisible = 0;
			defaultConfigurationName = Release;
		};
		143E755D2C1949EA0001FC89 /* Build configuration list for PBXNativeTarget "SwiftUIList" */ = {
			isa = XCConfigurationList;
			buildConfigurations = (
				143E755E2C1949EA0001FC89 /* Debug */,
				143E755F2C1949EA0001FC89 /* Release */,
			);
			defaultConfigurationIsVisible = 0;
			defaultConfigurationName = Release;
		};
		143E75602C1949EA0001FC89 /* Build configuration list for PBXNativeTarget "SwiftUIListTests" */ = {
			isa = XCConfigurationList;
			buildConfigurations = (
				143E75612C1949EA0001FC89 /* Debug */,
				143E75622C1949EA0001FC89 /* Release */,
			);
			defaultConfigurationIsVisible = 0;
			defaultConfigurationName = Release;
		};
		143E75632C1949EA0001FC89 /* Build configuration list for PBXNativeTarget "SwiftUIListUITests" */ = {
			isa = XCConfigurationList;
			buildConfigurations = (
				143E75642C1949EA0001FC89 /* Debug */,
				143E75652C1949EA0001FC89 /* Release */,
			);
			defaultConfigurationIsVisible = 0;
			defaultConfigurationName = Release;
		};
/* End XCConfigurationList section */
	};
	rootObject = 143E75312C1949E80001FC89 /* Project object */;
}
